Microsoft Visual Studio Solution File, Format Version 12.00
# Visual Studio 15
VisualStudioVersion = 15.0.27130.2027
MinimumVisualStudioVersion = 15.0.26124.0
Project("{9A19103F-16F7-4668-BE54-9A1E7A4F7556}") = "RazorExplorer.Server", "RazorExplorer.Server\RazorExplorer.Server.csproj", "{72E84621-332A-4073-BBAC-2B9F3A1A3D00}"
EndProject
Project("{9A19103F-16F7-4668-BE54-9A1E7A4F7556}") = "RazorExplorer.Client", "RazorExplorer.Client\RazorExplorer.Client.csproj", "{E69E7BFD-0A10-4522-B26F-A1A9451D3FEE}"
EndProject
Project("{9A19103F-16F7-4668-BE54-9A1E7A4F7556}") = "RazorExplorer.Shared", "RazorExplorer.Shared\RazorExplorer.Shared.csproj", "{D5D6A7BD-B884-40D1-9C71-AC0D2421A1D7}"
EndProject
Global
	GlobalSection(SolutionConfigurationPlatforms) = preSolution
		Debug|Any CPU = Debug|Any CPU
		Debug|x64 = Debug|x64
		Debug|x86 = Debug|x86
		Release|Any CPU = Release|Any CPU
		Release|x64 = Release|x64
		Release|x86 = Release|x86
	EndGlobalSection
	GlobalSection(ProjectConfigurationPlatforms) = postSolution
		{E69E7BFD-0A10-4522-B26F-A1A9451D3FEE}.Debug|Any CPU.ActiveCfg = Debug|Any CPU
		{E69E7BFD-0A10-4522-B26F-A1A9451D3FEE}.Debug|Any CPU.Build.0 = Debug|Any CPU
		{E69E7BFD-0A10-4522-B26F-A1A9451D3FEE}.Debug|x64.ActiveCfg = Debug|Any CPU
		{E69E7BFD-0A10-4522-B26F-A1A9451D3FEE}.Debug|x64.Build.0 = Debug|Any CPU
		{E69E7BFD-0A10-4522-B26F-A1A9451D3FEE}.Debug|x86.ActiveCfg = Debug|Any CPU
		{E69E7BFD-0A10-4522-B26F-A1A9451D3FEE}.Debug|x86.Build.0 = Debug|Any CPU
		{E69E7BFD-0A10-4522-B26F-A1A9451D3FEE}.Release|Any CPU.ActiveCfg = Release|Any CPU
		{E69E7BFD-0A10-4522-B26F-A1A9451D3FEE}.Release|Any CPU.Build.0 = Release|Any CPU
		{E69E7BFD-0A10-4522-B26F-A1A9451D3FEE}.Release|x64.ActiveCfg = Release|Any CPU
		{E69E7BFD-0A10-4522-B26F-A1A9451D3FEE}.Release|x64.Build.0 = Release|Any CPU
		{E69E7BFD-0A10-4522-B26F-A1A9451D3FEE}.Release|x86.ActiveCfg = Release|Any CPU
		{E69E7BFD-0A10-4522-B26F-A1A9451D3FEE}.Release|x86.Build.0 = Release|Any CPU
		{72E84621-332A-4073-BBAC-2B9F3A1A3D00}.Debug|Any CPU.ActiveCfg = Debug|Any CPU
		{72E84621-332A-4073-BBAC-2B9F3A1A3D00}.Debug|Any CPU.Build.0 = Debug|Any CPU
		{72E84621-332A-4073-BBAC-2B9F3A1A3D00}.Debug|x64.ActiveCfg = Debug|Any CPU
		{72E84621-332A-4073-BBAC-2B9F3A1A3D00}.Debug|x64.Build.0 = Debug|Any CPU
		{72E84621-332A-4073-BBAC-2B9F3A1A3D00}.Debug|x86.ActiveCfg = Debug|Any CPU
		{72E84621-332A-4073-BBAC-2B9F3A1A3D00}.Debug|x86.Build.0 = Debug|Any CPU
		{72E84621-332A-4073-BBAC-2B9F3A1A3D00}.Release|Any CPU.ActiveCfg = Release|Any CPU
		{72E84621-332A-4073-BBAC-2B9F3A1A3D00}.Release|Any CPU.Build.0 = Release|Any CPU
		{72E84621-332A-4073-BBAC-2B9F3A1A3D00}.Release|x64.ActiveCfg = Release|Any CPU
		{72E84621-332A-4073-BBAC-2B9F3A1A3D00}.Release|x64.Build.0 = Release|Any CPU
		{72E84621-332A-4073-BBAC-2B9F3A1A3D00}.Release|x86.ActiveCfg = Release|Any CPU
		{72E84621-332A-4073-BBAC-2B9F3A1A3D00}.Release|x86.Build.0 = Release|Any CPU
		{D5D6A7BD-B884-40D1-9C71-AC0D2421A1D7}.Debug|Any CPU.ActiveCfg = Debug|Any CPU
		{D5D6A7BD-B884-40D1-9C71-AC0D2421A1D7}.Debug|Any CPU.Build.0 = Debug|Any CPU
		{D5D6A7BD-B884-40D1-9C71-AC0D2421A1D7}.Debug|x64.ActiveCfg = Debug|Any CPU
		{D5D6A7BD-B884-40D1-9C71-AC0D2421A1D7}.Debug|x64.Build.0 = Debug|Any CPU
		{D5D6A7BD-B884-40D1-9C71-AC0D2421A1D7}.Debug|x86.ActiveCfg = Debug|Any CPU
		{D5D6A7BD-B884-40D1-9C71-AC0D2421A1D7}.Debug|x86.Build.0 = Debug|Any CPU
		{D5D6A7BD-B884-40D1-9C71-AC0D2421A1D7}.Release|Any CPU.ActiveCfg = Release|Any CPU
		{D5D6A7BD-B884-40D1-9C71-AC0D2421A1D7}.Release|Any CPU.Build.0 = Release|Any CPU
		{D5D6A7BD-B884-40D1-9C71-AC0D2421A1D7}.Release|x64.ActiveCfg = Release|Any CPU
		{D5D6A7BD-B884-40D1-9C71-AC0D2421A1D7}.Release|x64.Build.0 = Release|Any CPU
		{D5D6A7BD-B884-40D1-9C71-AC0D2421A1D7}.Release|x86.ActiveCfg = Release|Any CPU
		{D5D6A7BD-B884-40D1-9C71-AC0D2421A1D7}.Release|x86.Build.0 = Release|Any CPU
	EndGlobalSection
	GlobalSection(SolutionProperties) = preSolution
		HideSolutionNode = FALSE
	EndGlobalSection
	GlobalSection(ExtensibilityGlobals) = postSolution
		SolutionGuid = {4A1B6377-DC0B-4A3E-9453-E399E5371D90}
	EndGlobalSection
EndGlobal
